// !$*UTF8*$!
{
	archiveVersion = 1;
	classes = {
	};
	objectVersion = 56;
	objects = {

/* Begin PBXBuildFile section */
		1051B7FD29D716AD00564E91 /* UIColor + ext.swift in Sources */ = {isa = PBXBuildFile; fileRef = 1051B7FC29D716AD00564E91 /* UIColor + ext.swift */; };
		1051B80029D717BE00564E91 /* RandomColor in Frameworks */ = {isa = PBXBuildFile; productRef = 1051B7FF29D717BE00564E91 /* RandomColor */; };
		10FA1AF229D47F16006C519C /* AppDelegate.swift in Sources */ = {isa = PBXBuildFile; fileRef = 10FA1AF129D47F16006C519C /* AppDelegate.swift */; };
		10FA1AF429D47F16006C519C /* SceneDelegate.swift in Sources */ = {isa = PBXBuildFile; fileRef = 10FA1AF329D47F16006C519C /* SceneDelegate.swift */; };
		10FA1AF929D47F16006C519C /* Main.storyboard in Resources */ = {isa = PBXBuildFile; fileRef = 10FA1AF729D47F16006C519C /* Main.storyboard */; };
		10FA1AFB29D47F17006C519C /* Assets.xcassets in Resources */ = {isa = PBXBuildFile; fileRef = 10FA1AFA29D47F17006C519C /* Assets.xcassets */; };
		10FA1AFE29D47F17006C519C /* LaunchScreen.storyboard in Resources */ = {isa = PBXBuildFile; fileRef = 10FA1AFC29D47F17006C519C /* LaunchScreen.storyboard */; };
		10FA1B0629D47FB5006C519C /* Constants.swift in Sources */ = {isa = PBXBuildFile; fileRef = 10FA1B0529D47FB5006C519C /* Constants.swift */; };
		10FA1B0D29D4805F006C519C /* CategoryViewController.swift in Sources */ = {isa = PBXBuildFile; fileRef = 10FA1B0C29D4805F006C519C /* CategoryViewController.swift */; };
		10FA1B0F29D48080006C519C /* TodoeyViewController.swift in Sources */ = {isa = PBXBuildFile; fileRef = 10FA1B0E29D48080006C519C /* TodoeyViewController.swift */; };
		10FA1B1129D48AA9006C519C /* .gitignore in Resources */ = {isa = PBXBuildFile; fileRef = 10FA1B1029D48AA9006C519C /* .gitignore */; };
		10FA1B1429D48CA7006C519C /* Realm in Frameworks */ = {isa = PBXBuildFile; productRef = 10FA1B1329D48CA7006C519C /* Realm */; };
		10FA1B1629D48CA7006C519C /* RealmSwift in Frameworks */ = {isa = PBXBuildFile; productRef = 10FA1B1529D48CA7006C519C /* RealmSwift */; };
		10FA1B1829D493A0006C519C /* Category.swift in Sources */ = {isa = PBXBuildFile; fileRef = 10FA1B1729D493A0006C519C /* Category.swift */; };
		10FA1B1A29D493AB006C519C /* Item.swift in Sources */ = {isa = PBXBuildFile; fileRef = 10FA1B1929D493AB006C519C /* Item.swift */; };
		10FA1B1D29D5C852006C519C /* SwipeCellKit in Frameworks */ = {isa = PBXBuildFile; productRef = 10FA1B1C29D5C852006C519C /* SwipeCellKit */; };
		10FA1B1F29D5FB0B006C519C /* SwipeTableViewController.swift in Sources */ = {isa = PBXBuildFile; fileRef = 10FA1B1E29D5FB0B006C519C /* SwipeTableViewController.swift */; };
/* End PBXBuildFile section */

/* Begin PBXFileReference section */
		1051B7FC29D716AD00564E91 /* UIColor + ext.swift */ = {isa = PBXFileReference; lastKnownFileType = sourcecode.swift; path = "UIColor + ext.swift"; sourceTree = "<group>"; };
		10FA1AEE29D47F16006C519C /* Todoey.app */ = {isa = PBXFileReference; explicitFileType = wrapper.application; includeInIndex = 0; path = Todoey.app; sourceTree = BUILT_PRODUCTS_DIR; };
		10FA1AF129D47F16006C519C /* AppDelegate.swift */ = {isa = PBXFileReference; lastKnownFileType = sourcecode.swift; path = AppDelegate.swift; sourceTree = "<group>"; };
		10FA1AF329D47F16006C519C /* SceneDelegate.swift */ = {isa = PBXFileReference; lastKnownFileType = sourcecode.swift; path = SceneDelegate.swift; sourceTree = "<group>"; };
		10FA1AF829D47F16006C519C /* Base */ = {isa = PBXFileReference; lastKnownFileType = file.storyboard; name = Base; path = Base.lproj/Main.storyboard; sourceTree = "<group>"; };
		10FA1AFA29D47F17006C519C /* Assets.xcassets */ = {isa = PBXFileReference; lastKnownFileType = folder.assetcatalog; path = Assets.xcassets; sourceTree = "<group>"; };
		10FA1AFD29D47F17006C519C /* Base */ = {isa = PBXFileReference; lastKnownFileType = file.storyboard; name = Base; path = Base.lproj/LaunchScreen.storyboard; sourceTree = "<group>"; };
		10FA1AFF29D47F17006C519C /* Info.plist */ = {isa = PBXFileReference; lastKnownFileType = text.plist.xml; path = Info.plist; sourceTree = "<group>"; };
		10FA1B0529D47FB5006C519C /* Constants.swift */ = {isa = PBXFileReference; fileEncoding = 4; lastKnownFileType = sourcecode.swift; path = Constants.swift; sourceTree = "<group>"; };
		10FA1B0C29D4805F006C519C /* CategoryViewController.swift */ = {isa = PBXFileReference; fileEncoding = 4; lastKnownFileType = sourcecode.swift; path = CategoryViewController.swift; sourceTree = "<group>"; };
		10FA1B0E29D48080006C519C /* TodoeyViewController.swift */ = {isa = PBXFileReference; lastKnownFileType = sourcecode.swift; path = TodoeyViewController.swift; sourceTree = "<group>"; };
		10FA1B1029D48AA9006C519C /* .gitignore */ = {isa = PBXFileReference; fileEncoding = 4; lastKnownFileType = text; path = .gitignore; sourceTree = "<group>"; };
		10FA1B1729D493A0006C519C /* Category.swift */ = {isa = PBXFileReference; lastKnownFileType = sourcecode.swift; path = Category.swift; sourceTree = "<group>"; };
		10FA1B1929D493AB006C519C /* Item.swift */ = {isa = PBXFileReference; lastKnownFileType = sourcecode.swift; path = Item.swift; sourceTree = "<group>"; };
		10FA1B1E29D5FB0B006C519C /* SwipeTableViewController.swift */ = {isa = PBXFileReference; lastKnownFileType = sourcecode.swift; path = SwipeTableViewController.swift; sourceTree = "<group>"; };
/* End PBXFileReference section */

/* Begin PBXFrameworksBuildPhase section */
		10FA1AEB29D47F16006C519C /* Frameworks */ = {
			isa = PBXFrameworksBuildPhase;
			buildActionMask = 2147483647;
			files = (
				10FA1B1629D48CA7006C519C /* RealmSwift in Frameworks */,
				10FA1B1D29D5C852006C519C /* SwipeCellKit in Frameworks */,
				10FA1B1429D48CA7006C519C /* Realm in Frameworks */,
				1051B80029D717BE00564E91 /* RandomColor in Frameworks */,
			);
			runOnlyForDeploymentPostprocessing = 0;
		};
/* End PBXFrameworksBuildPhase section */

/* Begin PBXGroup section */
		10FA1AE529D47F16006C519C = {
			isa = PBXGroup;
			children = (
				10FA1B1029D48AA9006C519C /* .gitignore */,
				10FA1AF029D47F16006C519C /* Todoey */,
				10FA1AEF29D47F16006C519C /* Products */,
			);
			sourceTree = "<group>";
		};
		10FA1AEF29D47F16006C519C /* Products */ = {
			isa = PBXGroup;
			children = (
				10FA1AEE29D47F16006C519C /* Todoey.app */,
			);
			name = Products;
			sourceTree = "<group>";
		};
		10FA1AF029D47F16006C519C /* Todoey */ = {
			isa = PBXGroup;
			children = (
				10FA1B0A29D4800E006C519C /* Application */,
				10FA1B0929D48005006C519C /* Model */,
				10FA1B0829D47FFE006C519C /* View */,
				10FA1B0729D47FF1006C519C /* Controller */,
				10FA1B0529D47FB5006C519C /* Constants.swift */,
				1051B7FC29D716AD00564E91 /* UIColor + ext.swift */,
				10FA1AFA29D47F17006C519C /* Assets.xcassets */,
				10FA1AFC29D47F17006C519C /* LaunchScreen.storyboard */,
				10FA1AFF29D47F17006C519C /* Info.plist */,
			);
			path = Todoey;
			sourceTree = "<group>";
		};
		10FA1B0729D47FF1006C519C /* Controller */ = {
			isa = PBXGroup;
			children = (
				10FA1B1E29D5FB0B006C519C /* SwipeTableViewController.swift */,
				10FA1B0C29D4805F006C519C /* CategoryViewController.swift */,
				10FA1B0E29D48080006C519C /* TodoeyViewController.swift */,
			);
			path = Controller;
			sourceTree = "<group>";
		};
		10FA1B0829D47FFE006C519C /* View */ = {
			isa = PBXGroup;
			children = (
				10FA1AF729D47F16006C519C /* Main.storyboard */,
			);
			path = View;
			sourceTree = "<group>";
		};
		10FA1B0929D48005006C519C /* Model */ = {
			isa = PBXGroup;
			children = (
				10FA1B1729D493A0006C519C /* Category.swift */,
				10FA1B1929D493AB006C519C /* Item.swift */,
			);
			path = Model;
			sourceTree = "<group>";
		};
		10FA1B0A29D4800E006C519C /* Application */ = {
			isa = PBXGroup;
			children = (
				10FA1AF129D47F16006C519C /* AppDelegate.swift */,
				10FA1AF329D47F16006C519C /* SceneDelegate.swift */,
			);
			path = Application;
			sourceTree = "<group>";
		};
/* End PBXGroup section */

/* Begin PBXNativeTarget section */
		10FA1AED29D47F16006C519C /* Todoey */ = {
			isa = PBXNativeTarget;
			buildConfigurationList = 10FA1B0229D47F17006C519C /* Build configuration list for PBXNativeTarget "Todoey" */;
			buildPhases = (
				10FA1AEA29D47F16006C519C /* Sources */,
				10FA1AEB29D47F16006C519C /* Frameworks */,
				10FA1AEC29D47F16006C519C /* Resources */,
			);
			buildRules = (
			);
			dependencies = (
			);
			name = Todoey;
			packageProductDependencies = (
				10FA1B1329D48CA7006C519C /* Realm */,
				10FA1B1529D48CA7006C519C /* RealmSwift */,
				10FA1B1C29D5C852006C519C /* SwipeCellKit */,
				1051B7FF29D717BE00564E91 /* RandomColor */,
			);
			productName = Todoey;
			productReference = 10FA1AEE29D47F16006C519C /* Todoey.app */;
			productType = "com.apple.product-type.application";
		};
/* End PBXNativeTarget section */

/* Begin PBXProject section */
		10FA1AE629D47F16006C519C /* Project object */ = {
			isa = PBXProject;
			attributes = {
				BuildIndependentTargetsInParallel = 1;
				LastSwiftUpdateCheck = 1420;
				LastUpgradeCheck = 1420;
				TargetAttributes = {
					10FA1AED29D47F16006C519C = {
						CreatedOnToolsVersion = 14.2;
					};
				};
			};
			buildConfigurationList = 10FA1AE929D47F16006C519C /* Build configuration list for PBXProject "Todoey" */;
			compatibilityVersion = "Xcode 14.0";
			developmentRegion = en;
			hasScannedForEncodings = 0;
			knownRegions = (
				en,
				Base,
			);
			mainGroup = 10FA1AE529D47F16006C519C;
			packageReferences = (
				10FA1B1229D48CA7006C519C /* XCRemoteSwiftPackageReference "realm-swift" */,
				10FA1B1B29D5C852006C519C /* XCRemoteSwiftPackageReference "SwipeCellKit" */,
				1051B7FE29D717BE00564E91 /* XCRemoteSwiftPackageReference "RandomColorSwift" */,
			);
			productRefGroup = 10FA1AEF29D47F16006C519C /* Products */;
			projectDirPath = "";
			projectRoot = "";
			targets = (
				10FA1AED29D47F16006C519C /* Todoey */,
			);
		};
/* End PBXProject section */

/* Begin PBXResourcesBuildPhase section */
		10FA1AEC29D47F16006C519C /* Resources */ = {
			isa = PBXResourcesBuildPhase;
			buildActionMask = 2147483647;
			files = (
				10FA1B1129D48AA9006C519C /* .gitignore in Resources */,
				10FA1AFE29D47F17006C519C /* LaunchScreen.storyboard in Resources */,
				10FA1AFB29D47F17006C519C /* Assets.xcassets in Resources */,
				10FA1AF929D47F16006C519C /* Main.storyboard in Resources */,
			);
			runOnlyForDeploymentPostprocessing = 0;
		};
/* End PBXResourcesBuildPhase section */

/* Begin PBXSourcesBuildPhase section */
		10FA1AEA29D47F16006C519C /* Sources */ = {
			isa = PBXSourcesBuildPhase;
			buildActionMask = 2147483647;
			files = (
				10FA1B1F29D5FB0B006C519C /* SwipeTableViewController.swift in Sources */,
				10FA1B0D29D4805F006C519C /* CategoryViewController.swift in Sources */,
				10FA1AF229D47F16006C519C /* AppDelegate.swift in Sources */,
				10FA1B0F29D48080006C519C /* TodoeyViewController.swift in Sources */,
				10FA1AF429D47F16006C519C /* SceneDelegate.swift in Sources */,
				10FA1B1A29D493AB006C519C /* Item.swift in Sources */,
				1051B7FD29D716AD00564E91 /* UIColor + ext.swift in Sources */,
				10FA1B0629D47FB5006C519C /* Constants.swift in Sources */,
				10FA1B1829D493A0006C519C /* Category.swift in Sources */,
			);
			runOnlyForDeploymentPostprocessing = 0;
		};
/* End PBXSourcesBuildPhase section */

/* Begin PBXVariantGroup section */
		10FA1AF729D47F16006C519C /* Main.storyboard */ = {
			isa = PBXVariantGroup;
			children = (
				10FA1AF829D47F16006C519C /* Base */,
			);
			name = Main.storyboard;
			sourceTree = "<group>";
		};
		10FA1AFC29D47F17006C519C /* LaunchScreen.storyboard */ = {
			isa = PBXVariantGroup;
			children = (
				10FA1AFD29D47F17006C519C /* Base */,
			);
			name = LaunchScreen.storyboard;
			sourceTree = "<group>";
		};
/* End PBXVariantGroup section */

/* Begin XCBuildConfiguration section */
		10FA1B0029D47F17006C519C /* Debug */ = {
			isa = XCBuildConfiguration;
			buildSettings = {
				ALWAYS_SEARCH_USER_PATHS = NO;
				CLANG_ANALYZER_NONNULL = YES;
				CLANG_ANALYZER_NUMBER_OBJECT_CONVERSION = YES_AGGRESSIVE;
				CLANG_CXX_LANGUAGE_STANDARD = "gnu++20";
				CLANG_ENABLE_MODULES = YES;
				CLANG_ENABLE_OBJC_ARC = YES;
				CLANG_ENABLE_OBJC_WEAK = YES;
				CLANG_WARN_BLOCK_CAPTURE_AUTORELEASING = YES;
				CLANG_WARN_BOOL_CONVERSION = YES;
				CLANG_WARN_COMMA = YES;
				CLANG_WARN_CONSTANT_CONVERSION = YES;
				CLANG_WARN_DEPRECATED_OBJC_IMPLEMENTATIONS = YES;
				CLANG_WARN_DIRECT_OBJC_ISA_USAGE = YES_ERROR;
				CLANG_WARN_DOCUMENTATION_COMMENTS = YES;
				CLANG_WARN_EMPTY_BODY = YES;
				CLANG_WARN_ENUM_CONVERSION = YES;
				CLANG_WARN_INFINITE_RECURSION = YES;
				CLANG_WARN_INT_CONVERSION = YES;
				CLANG_WARN_NON_LITERAL_NULL_CONVERSION = YES;
				CLANG_WARN_OBJC_IMPLICIT_RETAIN_SELF = YES;
				CLANG_WARN_OBJC_LITERAL_CONVERSION = YES;
				CLANG_WARN_OBJC_ROOT_CLASS = YES_ERROR;
				CLANG_WARN_QUOTED_INCLUDE_IN_FRAMEWORK_HEADER = YES;
				CLANG_WARN_RANGE_LOOP_ANALYSIS = YES;
				CLANG_WARN_STRICT_PROTOTYPES = YES;
				CLANG_WARN_SUSPICIOUS_MOVE = YES;
				CLANG_WARN_UNGUARDED_AVAILABILITY = YES_AGGRESSIVE;
				CLANG_WARN_UNREACHABLE_CODE = YES;
				CLANG_WARN__DUPLICATE_METHOD_MATCH = YES;
				COPY_PHASE_STRIP = NO;
				DEBUG_INFORMATION_FORMAT = dwarf;
				ENABLE_STRICT_OBJC_MSGSEND = YES;
				ENABLE_TESTABILITY = YES;
				GCC_C_LANGUAGE_STANDARD = gnu11;
				GCC_DYNAMIC_NO_PIC = NO;
				GCC_NO_COMMON_BLOCKS = YES;
				GCC_OPTIMIZATION_LEVEL = 0;
				GCC_PREPROCESSOR_DEFINITIONS = (
					"DEBUG=1",
					"$(inherited)",
				);
				GCC_WARN_64_TO_32_BIT_CONVERSION = YES;
				GCC_WARN_ABOUT_RETURN_TYPE = YES_ERROR;
				GCC_WARN_UNDECLARED_SELECTOR = YES;
				GCC_WARN_UNINITIALIZED_AUTOS = YES_AGGRESSIVE;
				GCC_WARN_UNUSED_FUNCTION = YES;
				GCC_WARN_UNUSED_VARIABLE = YES;
				IPHONEOS_DEPLOYMENT_TARGET = 16.2;
				MTL_ENABLE_DEBUG_INFO = INCLUDE_SOURCE;
				MTL_FAST_MATH = YES;
				ONLY_ACTIVE_ARCH = YES;
				SDKROOT = iphoneos;
				SWIFT_ACTIVE_COMPILATION_CONDITIONS = DEBUG;
				SWIFT_OPTIMIZATION_LEVEL = "-Onone";
			};
			name = Debug;
		};
		10FA1B0129D47F17006C519C /* Release */ = {
			isa = XCBuildConfiguration;
			buildSettings = {
				ALWAYS_SEARCH_USER_PATHS = NO;
				CLANG_ANALYZER_NONNULL = YES;
				CLANG_ANALYZER_NUMBER_OBJECT_CONVERSION = YES_AGGRESSIVE;
				CLANG_CXX_LANGUAGE_STANDARD = "gnu++20";
				CLANG_ENABLE_MODULES = YES;
				CLANG_ENABLE_OBJC_ARC = YES;
				CLANG_ENABLE_OBJC_WEAK = YES;
				CLANG_WARN_BLOCK_CAPTURE_AUTORELEASING = YES;
				CLANG_WARN_BOOL_CONVERSION = YES;
				CLANG_WARN_COMMA = YES;
				CLANG_WARN_CONSTANT_CONVERSION = YES;
				CLANG_WARN_DEPRECATED_OBJC_IMPLEMENTATIONS = YES;
				CLANG_WARN_DIRECT_OBJC_ISA_USAGE = YES_ERROR;
				CLANG_WARN_DOCUMENTATION_COMMENTS = YES;
				CLANG_WARN_EMPTY_BODY = YES;
				CLANG_WARN_ENUM_CONVERSION = YES;
				CLANG_WARN_INFINITE_RECURSION = YES;
				CLANG_WARN_INT_CONVERSION = YES;
				CLANG_WARN_NON_LITERAL_NULL_CONVERSION = YES;
				CLANG_WARN_OBJC_IMPLICIT_RETAIN_SELF = YES;
				CLANG_WARN_OBJC_LITERAL_CONVERSION = YES;
				CLANG_WARN_OBJC_ROOT_CLASS = YES_ERROR;
				CLANG_WARN_QUOTED_INCLUDE_IN_FRAMEWORK_HEADER = YES;
				CLANG_WARN_RANGE_LOOP_ANALYSIS = YES;
				CLANG_WARN_STRICT_PROTOTYPES = YES;
				CLANG_WARN_SUSPICIOUS_MOVE = YES;
				CLANG_WARN_UNGUARDED_AVAILABILITY = YES_AGGRESSIVE;
				CLANG_WARN_UNREACHABLE_CODE = YES;
				CLANG_WARN__DUPLICATE_METHOD_MATCH = YES;
				COPY_PHASE_STRIP = NO;
				DEBUG_INFORMATION_FORMAT = "dwarf-with-dsym";
				ENABLE_NS_ASSERTIONS = NO;
				ENABLE_STRICT_OBJC_MSGSEND = YES;
				GCC_C_LANGUAGE_STANDARD = gnu11;
				GCC_NO_COMMON_BLOCKS = YES;
				GCC_WARN_64_TO_32_BIT_CONVERSION = YES;
				GCC_WARN_ABOUT_RETURN_TYPE = YES_ERROR;
				GCC_WARN_UNDECLARED_SELECTOR = YES;
				GCC_WARN_UNINITIALIZED_AUTOS = YES_AGGRESSIVE;
				GCC_WARN_UNUSED_FUNCTION = YES;
				GCC_WARN_UNUSED_VARIABLE = YES;
				IPHONEOS_DEPLOYMENT_TARGET = 16.2;
				MTL_ENABLE_DEBUG_INFO = NO;
				MTL_FAST_MATH = YES;
				SDKROOT = iphoneos;
				SWIFT_COMPILATION_MODE = wholemodule;
				SWIFT_OPTIMIZATION_LEVEL = "-O";
				VALIDATE_PRODUCT = YES;
			};
			name = Release;
		};
		10FA1B0329D47F17006C519C /* Debug */ = {
			isa = XCBuildConfiguration;
			buildSettings = {
				ASSETCATALOG_COMPILER_APPICON_NAME = AppIcon;
				ASSETCATALOG_COMPILER_GLOBAL_ACCENT_COLOR_NAME = AccentColor;
				CODE_SIGN_STYLE = Automatic;
				CURRENT_PROJECT_VERSION = 1;
				DEVELOPMENT_TEAM = N2CSX799P5;
				GENERATE_INFOPLIST_FILE = YES;
				INFOPLIST_FILE = Todoey/Info.plist;
				INFOPLIST_KEY_UIApplicationSupportsIndirectInputEvents = YES;
				INFOPLIST_KEY_UILaunchStoryboardName = LaunchScreen;
				INFOPLIST_KEY_UIMainStoryboardFile = Main;
				INFOPLIST_KEY_UISupportedInterfaceOrientations_iPad = "UIInterfaceOrientationPortrait UIInterfaceOrientationPortraitUpsideDown UIInterfaceOrientationLandscapeLeft UIInterfaceOrientationLandscapeRight";
				INFOPLIST_KEY_UISupportedInterfaceOrientations_iPhone = "UIInterfaceOrientationPortrait UIInterfaceOrientationLandscapeLeft UIInterfaceOrientationLandscapeRight";
				IPHONEOS_DEPLOYMENT_TARGET = 14.0;
				LD_RUNPATH_SEARCH_PATHS = (
					"$(inherited)",
					"@executable_path/Frameworks",
				);
				MARKETING_VERSION = 1.0;
				PRODUCT_BUNDLE_IDENTIFIER = com.babaika.Todoey;
				PRODUCT_NAME = "$(TARGET_NAME)";
				SUPPORTED_PLATFORMS = "iphoneos iphonesimulator";
				SUPPORTS_MACCATALYST = NO;
				SUPPORTS_MAC_DESIGNED_FOR_IPHONE_IPAD = NO;
				SWIFT_EMIT_LOC_STRINGS = YES;
				SWIFT_VERSION = 5.0;
				TARGETED_DEVICE_FAMILY = 1;
			};
			name = Debug;
		};
		10FA1B0429D47F17006C519C /* Release */ = {
			isa = XCBuildConfiguration;
			buildSettings = {
				ASSETCATALOG_COMPILER_APPICON_NAME = AppIcon;
				ASSETCATALOG_COMPILER_GLOBAL_ACCENT_COLOR_NAME = AccentColor;
				CODE_SIGN_STYLE = Automatic;
				CURRENT_PROJECT_VERSION = 1;
				DEVELOPMENT_TEAM = N2CSX799P5;
				GENERATE_INFOPLIST_FILE = YES;
				INFOPLIST_FILE = Todoey/Info.plist;
				INFOPLIST_KEY_UIApplicationSupportsIndirectInputEvents = YES;
				INFOPLIST_KEY_UILaunchStoryboardName = LaunchScreen;
				INFOPLIST_KEY_UIMainStoryboardFile = Main;
				INFOPLIST_KEY_UISupportedInterfaceOrientations_iPad = "UIInterfaceOrientationPortrait UIInterfaceOrientationPortraitUpsideDown UIInterfaceOrientationLandscapeLeft UIInterfaceOrientationLandscapeRight";
				INFOPLIST_KEY_UISupportedInterfaceOrientations_iPhone = "UIInterfaceOrientationPortrait UIInterfaceOrientationLandscapeLeft UIInterfaceOrientationLandscapeRight";
				IPHONEOS_DEPLOYMENT_TARGET = 14.0;
				LD_RUNPATH_SEARCH_PATHS = (
					"$(inherited)",
					"@executable_path/Frameworks",
				);
				MARKETING_VERSION = 1.0;
				PRODUCT_BUNDLE_IDENTIFIER = com.babaika.Todoey;
				PRODUCT_NAME = "$(TARGET_NAME)";
				SUPPORTED_PLATFORMS = "iphoneos iphonesimulator";
				SUPPORTS_MACCATALYST = NO;
				SUPPORTS_MAC_DESIGNED_FOR_IPHONE_IPAD = NO;
				SWIFT_EMIT_LOC_STRINGS = YES;
				SWIFT_VERSION = 5.0;
				TARGETED_DEVICE_FAMILY = 1;
			};
			name = Release;
		};
/* End XCBuildConfiguration section */

/* Begin XCConfigurationList section */
		10FA1AE929D47F16006C519C /* Build configuration list for PBXProject "Todoey" */ = {
			isa = XCConfigurationList;
			buildConfigurations = (
				10FA1B0029D47F17006C519C /* Debug */,
				10FA1B0129D47F17006C519C /* Release */,
			);
			defaultConfigurationIsVisible = 0;
			defaultConfigurationName = Release;
		};
		10FA1B0229D47F17006C519C /* Build configuration list for PBXNativeTarget "Todoey" */ = {
			isa = XCConfigurationList;
			buildConfigurations = (
				10FA1B0329D47F17006C519C /* Debug */,
				10FA1B0429D47F17006C519C /* Release */,
			);
			defaultConfigurationIsVisible = 0;
			defaultConfigurationName = Release;
		};
/* End XCConfigurationList section */

/* Begin XCRemoteSwiftPackageReference section */
		1051B7FE29D717BE00564E91 /* XCRemoteSwiftPackageReference "RandomColorSwift" */ = {
			isa = XCRemoteSwiftPackageReference;
			repositoryURL = "https://github.com/onevcat/RandomColorSwift.git";
			requirement = {
				kind = upToNextMajorVersion;
				minimumVersion = 2.0.0;
			};
		};
		10FA1B1229D48CA7006C519C /* XCRemoteSwiftPackageReference "realm-swift" */ = {
			isa = XCRemoteSwiftPackageReference;
			repositoryURL = "https://github.com/realm/realm-swift.git";
			requirement = {
				kind = upToNextMajorVersion;
				minimumVersion = 10.37.1;
			};
		};
		10FA1B1B29D5C852006C519C /* XCRemoteSwiftPackageReference "SwipeCellKit" */ = {
			isa = XCRemoteSwiftPackageReference;
			repositoryURL = "https://github.com/SwipeCellKit/SwipeCellKit";
			requirement = {
				kind = upToNextMajorVersion;
				minimumVersion = 2.0.0;
			};
		};
/* End XCRemoteSwiftPackageReference section */

/* Begin XCSwiftPackageProductDependency section */
		1051B7FF29D717BE00564E91 /* RandomColor */ = {
			isa = XCSwiftPackageProductDependency;
			package = 1051B7FE29D717BE00564E91 /* XCRemoteSwiftPackageReference "RandomColorSwift" */;
			productName = RandomColor;
		};
		10FA1B1329D48CA7006C519C /* Realm */ = {
			isa = XCSwiftPackageProductDependency;
			package = 10FA1B1229D48CA7006C519C /* XCRemoteSwiftPackageReference "realm-swift" */;
			productName = Realm;
		};
		10FA1B1529D48CA7006C519C /* RealmSwift */ = {
			isa = XCSwiftPackageProductDependency;
			package = 10FA1B1229D48CA7006C519C /* XCRemoteSwiftPackageReference "realm-swift" */;
			productName = RealmSwift;
		};
		10FA1B1C29D5C852006C519C /* SwipeCellKit */ = {
			isa = XCSwiftPackageProductDependency;
			package = 10FA1B1B29D5C852006C519C /* XCRemoteSwiftPackageReference "SwipeCellKit" */;
			productName = SwipeCellKit;
		};
/* End XCSwiftPackageProductDependency section */
	};
	rootObject = 10FA1AE629D47F16006C519C /* Project object */;
}
